# THIS IS AN AUTOGENERATED FILE. DO NOT EDIT THIS FILE DIRECTLY.
# yarn lockfile v1


"@kamilkisiela/graphql-tools@4.0.6":
  version "4.0.6"
  resolved "https://pkgs.dev.azure.com/xxxx/_packaging/PrivatePackage/npm/registry/@kamilkisiela/graphql-tools/-/graphql-tools-4.0.6.tgz#6dcf4d18bedaf34f6ab1d5bad2414e530d0875d1"
  integrity sha1-bc9NGL7a809qsdW60kFOUw0IddE=
  dependencies:
    apollo-link "^1.2.3"
    apollo-utilities "^1.0.1"
    deprecated-decorator "^0.1.6"
    iterall "^1.1.3"
    uuid "^3.1.0"

"@nodelib/fs.scandir@2.1.1":
  version "2.1.1"
  resolved "https://pkgs.dev.azure.com/xxxx/_packaging/PrivatePackage/npm/registry/@nodelib/fs.scandir/-/fs.scandir-2.1.1.tgz#7fa8fed654939e1a39753d286b48b4836d00e0eb"
  integrity sha1-f6j+1lSTnho5dT0oa0i0g20A4Os=
  dependencies:
    "@nodelib/fs.stat" "2.0.1"
    run-parallel "^1.1.9"

"@nodelib/fs.stat@2.0.1", "@nodelib/fs.stat@^2.0.1":
  version "2.0.1"
  resolved "https://pkgs.dev.azure.com/xxxx/_packaging/PrivatePackage/npm/registry/@nodelib/fs.stat/-/fs.stat-2.0.1.tgz#814f71b1167390cfcb6a6b3d9cdeb0951a192c14"
  integrity sha1-gU9xsRZzkM/Lams9nN6wlRoZLBQ=

"@nodelib/fs.walk@^1.2.1":
  version "1.2.2"
  resolved "https://pkgs.dev.azure.com/xxxx/_packaging/PrivatePackage/npm/registry/@nodelib/fs.walk/-/fs.walk-1.2.2.tgz#6a6450c5e17012abd81450eb74949a4d970d2807"
  integrity sha1-amRQxeFwEqvYFFDrdJSaTZcNKAc=
  dependencies:
    "@nodelib/fs.scandir" "2.1.1"
    fastq "^1.6.0"

"@types/events@*":
  version "3.0.0"
  resolved "https://pkgs.dev.azure.com/xxxx/_packaging/PrivatePackage/npm/registry/@types/events/-/events-3.0.0.tgz#2862f3f58a9a7f7c3e78d79f130dd4d71c25c2a7"
  integrity sha1-KGLz9Yqaf3w+eNefEw3U1xwlwqc=

"@types/glob@7.1.1", "@types/glob@^7.1.1":
  version "7.1.1"
  resolved "https://pkgs.dev.azure.com/xxxx/_packaging/PrivatePackage/npm/registry/@types/glob/-/glob-7.1.1.tgz#aa59a1c6e3fbc421e07ccd31a944c30eba521575"
  integrity sha1-qlmhxuP7xCHgfM0xqUTDDrpSFXU=
  dependencies:
    "@types/events" "*"
    "@types/minimatch" "*"
    "@types/node" "*"

"@types/minimatch@*":
  version "3.0.3"
  resolved "https://pkgs.dev.azure.com/xxxx/_packaging/PrivatePackage/npm/registry/@types/minimatch/-/minimatch-3.0.3.tgz#3dca0e3f33b200fc7d1139c0cd96c1268cadfd9d"
  integrity sha1-PcoOPzOyAPx9ETnAzZbBJoyt/Z0=

"@types/node@*", "@types/node@>=6", "@types/node@^12.6.2":
  version "12.7.2"
  resolved "https://pkgs.dev.azure.com/xxxx/_packaging/PrivatePackage/npm/registry/@types/node/-/node-12.7.2.tgz#c4e63af5e8823ce9cc3f0b34f7b998c2171f0c44"
  integrity sha1-xOY69eiCPOnMPws097mYwhcfDEQ=

"@types/semver@^6.0.1":
  version "6.0.1"
  resolved "https://pkgs.dev.azure.com/xxxx/_packaging/PrivatePackage/npm/registry/@types/semver/-/semver-6.0.1.tgz#a984b405c702fa5a7ec6abc56b37f2ba35ef5af6"
  integrity sha1-qYS0BccC+lp+xqvFazfyujXvWvY=

"@types/validator@10.11.2":
  version "10.11.2"
  resolved "https://pkgs.dev.azure.com/xxxx/_packaging/PrivatePackage/npm/registry/@types/validator/-/validator-10.11.2.tgz#48b60ca2cca927081f37a1ad1de3e25d04abc9f0"
  integrity sha1-SLYMosypJwgfN6GtHePiXQSryfA=

"@types/zen-observable@^0.8.0":
  version "0.8.0"
  resolved "https://pkgs.dev.azure.com/xxxx/_packaging/PrivatePackage/npm/registry/@types/zen-observable/-/zen-observable-0.8.0.tgz#8b63ab7f1aa5321248aad5ac890a485656dcea4d"
  integrity sha1-i2OrfxqlMhJIqtWsiQpIVlbc6k0=

"@wry/context@^0.4.0":
  version "0.4.4"
  resolved "https://pkgs.dev.azure.com/xxxx/_packaging/PrivatePackage/npm/registry/@wry/context/-/context-0.4.4.tgz#e50f5fa1d6cfaabf2977d1fda5ae91717f8815f8"
  integrity sha1-5Q9fodbPqr8pd9H9pa6RcX+IFfg=
  dependencies:
    "@types/node" ">=6"
    tslib "^1.9.3"

"@wry/equality@^0.1.2":
  version "0.1.9"
  resolved "https://pkgs.dev.azure.com/xxxx/_packaging/PrivatePackage/npm/registry/@wry/equality/-/equality-0.1.9.tgz#b13e18b7a8053c6858aa6c85b54911fb31e3a909"
  integrity sha1-sT4Yt6gFPGhYqmyFtUkR+zHjqQk=
  dependencies:
    tslib "^1.9.3"

aggregate-error@3.0.0:
  version "3.0.0"
  resolved "https://pkgs.dev.azure.com/xxxx/_packaging/PrivatePackage/npm/registry/aggregate-error/-/aggregate-error-3.0.0.tgz#5b5a3c95e9095f311c9ab16c19fb4f3527cd3f79"
  integrity sha1-W1o8lekJXzEcmrFsGftPNSfNP3k=
  dependencies:
    clean-stack "^2.0.0"
    indent-string "^3.2.0"

apollo-boost@^0.4.4:
  version "0.4.4"
  resolved "https://pkgs.dev.azure.com/xxxx/_packaging/PrivatePackage/npm/registry/apollo-boost/-/apollo-boost-0.4.4.tgz#7c278dac6cb6fa3f2f710c56baddc6e3ae730651"
  integrity sha1-fCeNrGy2+j8vcQxWut3G465zBlE=
  dependencies:
    apollo-cache "^1.3.2"
    apollo-cache-inmemory "^1.6.3"
    apollo-client "^2.6.4"
    apollo-link "^1.0.6"
    apollo-link-error "^1.0.3"
    apollo-link-http "^1.3.1"
    graphql-tag "^2.4.2"
    ts-invariant "^0.4.0"
    tslib "^1.9.3"

apollo-cache-inmemory@^1.6.3:
  version "1.6.3"
  resolved "https://pkgs.dev.azure.com/xxxx/_packaging/PrivatePackage/npm/registry/apollo-cache-inmemory/-/apollo-cache-inmemory-1.6.3.tgz#826861d20baca4abc45f7ca7a874105905b8525d"
  integrity sha1-gmhh0guspKvEX3ynqHQQWQW4Ul0=
  dependencies:
    apollo-cache "^1.3.2"
    apollo-utilities "^1.3.2"
    optimism "^0.10.0"
    ts-invariant "^0.4.0"
    tslib "^1.9.3"

apollo-cache@1.3.2, apollo-cache@^1.3.2:
  version "1.3.2"
  resolved "https://pkgs.dev.azure.com/xxxx/_packaging/PrivatePackage/npm/registry/apollo-cache/-/apollo-cache-1.3.2.tgz#df4dce56240d6c95c613510d7e409f7214e6d26a"
  integrity sha1-303OViQNbJXGE1ENfkCfchTm0mo=
  dependencies:
    apollo-utilities "^1.3.2"
    tslib "^1.9.3"

apollo-client@^2.6.4:
  version "2.6.4"
  resolved "https://pkgs.dev.azure.com/xxxx/_packaging/PrivatePackage/npm/registry/apollo-client/-/apollo-client-2.6.4.tgz#872c32927263a0d34655c5ef8a8949fbb20b6140"
  integrity sha1-hywyknJjoNNGVcXviolJ+7ILYUA=
  dependencies:
    "@types/zen-observable" "^0.8.0"
    apollo-cache "1.3.2"
    apollo-link "^1.0.0"
    apollo-utilities "1.3.2"
    symbol-observable "^1.0.2"
    ts-invariant "^0.4.0"
    tslib "^1.9.3"
    zen-observable "^0.8.0"

apollo-link-error@^1.0.3:
  version "1.1.11"
  resolved "https://pkgs.dev.azure.com/xxxx/_packaging/PrivatePackage/npm/registry/apollo-link-error/-/apollo-link-error-1.1.11.tgz#7cd363179616fb90da7866cee85cb00ee45d2f3b"
  integrity sha1-fNNjF5YW+5DaeGbO6FywDuRdLzs=
  dependencies:
    apollo-link "^1.2.12"
    apollo-link-http-common "^0.2.14"
    tslib "^1.9.3"

apollo-link-http-common@^0.2.14:
  version "0.2.14"
  resolved "https://pkgs.dev.azure.com/xxxx/_packaging/PrivatePackage/npm/registry/apollo-link-http-common/-/apollo-link-http-common-0.2.14.tgz#d3a195c12e00f4e311c417f121181dcc31f7d0c8"
  integrity sha1-06GVwS4A9OMRxBfxIRgdzDH30Mg=
  dependencies:
    apollo-link "^1.2.12"
    ts-invariant "^0.4.0"
    tslib "^1.9.3"

apollo-link-http@^1.3.1:
  version "1.5.15"
  resolved "https://pkgs.dev.azure.com/xxxx/_packaging/PrivatePackage/npm/registry/apollo-link-http/-/apollo-link-http-1.5.15.tgz#106ab23bb8997bd55965d05855736d33119652cf"
  integrity sha1-EGqyO7iZe9VZZdBYVXNtMxGWUs8=
  dependencies:
    apollo-link "^1.2.12"
    apollo-link-http-common "^0.2.14"
    tslib "^1.9.3"

apollo-link@^1.0.0, apollo-link@^1.0.6, apollo-link@^1.2.12, apollo-link@^1.2.3:
  version "1.2.12"
  resolved "https://pkgs.dev.azure.com/xxxx/_packaging/PrivatePackage/npm/registry/apollo-link/-/apollo-link-1.2.12.tgz#014b514fba95f1945c38ad4c216f31bcfee68429"
  integrity sha1-AUtRT7qV8ZRcOK1MIW8xvP7mhCk=
  dependencies:
    apollo-utilities "^1.3.0"
    ts-invariant "^0.4.0"
    tslib "^1.9.3"
    zen-observable-ts "^0.8.19"

apollo-utilities@1.3.2, apollo-utilities@^1.0.1, apollo-utilities@^1.3.0, apollo-utilities@^1.3.2:
  version "1.3.2"
  resolved "https://pkgs.dev.azure.com/xxxx/_packaging/PrivatePackage/npm/registry/apollo-utilities/-/apollo-utilities-1.3.2.tgz#8cbdcf8b012f664cd6cb5767f6130f5aed9115c9"
  integrity sha1-jL3PiwEvZkzWy1dn9hMPWu2RFck=
  dependencies:
    "@wry/equality" "^0.1.2"
    fast-json-stable-stringify "^2.0.0"
    ts-invariant "^0.4.0"
    tslib "^1.9.3"

array-union@^2.1.0:
  version "2.1.0"
  resolved "https://pkgs.dev.azure.com/xxxx/_packaging/PrivatePackage/npm/registry/array-union/-/array-union-2.1.0.tgz#b798420adbeb1de828d84acd8a2e23d3efe85e8d"
  integrity sha1-t5hCCtvrHego2ErNii4j0+/oXo0=

async@2.6.2:
  version "2.6.2"
  resolved "https://pkgs.dev.azure.com/xxxx/_packaging/PrivatePackage/npm/registry/async/-/async-2.6.2.tgz#18330ea7e6e313887f5d2f2a904bac6fe4dd5381"
  integrity sha1-GDMOp+bjE4h/XS8qkEusb+TdU4E=
  dependencies:
    lodash "^4.17.11"

asyncro@^3.0.0:
  version "3.0.0"
  resolved "https://pkgs.dev.azure.com/xxxx/_packaging/PrivatePackage/npm/registry/asyncro/-/asyncro-3.0.0.tgz#3c7a732e263bc4a42499042f48d7d858e9c0134e"
  integrity sha1-PHpzLiY7xKQkmQQvSNfYWOnAE04=

balanced-match@^1.0.0:
  version "1.0.0"
  resolved "https://pkgs.dev.azure.com/xxxx/_packaging/PrivatePackage/npm/registry/balanced-match/-/balanced-match-1.0.0.tgz#89b4d199ab2bee49de164ea02b89ce462d71b767"
  integrity sha1-ibTRmasr7kneFk6gK4nORi1xt2c=

bluebird@3.5.1:
  version "3.5.1"
  resolved "https://pkgs.dev.azure.com/xxxx/_packaging/PrivatePackage/npm/registry/bluebird/-/bluebird-3.5.1.tgz#d9551f9de98f1fcda1e683d17ee91a0602ee2eb9"
  integrity sha1-2VUfnemPH82h5oPRfukaBgLuLrk=

brace-expansion@^1.1.7:
  version "1.1.11"
  resolved "https://pkgs.dev.azure.com/xxxx/_packaging/PrivatePackage/npm/registry/brace-expansion/-/brace-expansion-1.1.11.tgz#3c7fcbf529d87226f3d2f52b966ff5271eb441dd"
  integrity sha1-PH/L9SnYcibz0vUrlm/1Jx60Qd0=
  dependencies:
    balanced-match "^1.0.0"
    concat-map "0.0.1"

braces@^3.0.1:
  version "3.0.2"
  resolved "https://pkgs.dev.azure.com/xxxx/_packaging/PrivatePackage/npm/registry/braces/-/braces-3.0.2.tgz#3454e1a462ee8d599e236df336cd9ea4f8afe107"
  integrity sha1-NFThpGLujVmeI23zNs2epPiv4Qc=
  dependencies:
    fill-range "^7.0.1"

bson@^1.1.1, bson@~1.1.1:
  version "1.1.1"
  resolved "https://pkgs.dev.azure.com/xxxx/_packaging/PrivatePackage/npm/registry/bson/-/bson-1.1.1.tgz#4330f5e99104c4e751e7351859e2d408279f2f13"
  integrity sha1-QzD16ZEExOdR5zUYWeLUCCefLxM=

class-validator@>=0.9.1:
  version "0.10.0"
  resolved "https://pkgs.dev.azure.com/xxxx/_packaging/PrivatePackage/npm/registry/class-validator/-/class-validator-0.10.0.tgz#5e5f8108fa200d5ce1906cd5537af102c072dbcd"
  integrity sha1-Xl+BCPogDVzhkGzVU3rxAsBy280=
  dependencies:
    "@types/validator" "10.11.2"
    google-libphonenumber "^3.1.6"
    validator "11.1.0"

clean-stack@^2.0.0:
  version "2.2.0"
  resolved "https://pkgs.dev.azure.com/xxxx/_packaging/PrivatePackage/npm/registry/clean-stack/-/clean-stack-2.2.0.tgz#ee8472dbb129e727b31e8a10a427dee9dfe4008b"
  integrity sha1-7oRy27Ep5yezHooQpCfe6d/kAIs=

concat-map@0.0.1:
  version "0.0.1"
  resolved "https://pkgs.dev.azure.com/xxxx/_packaging/PrivatePackage/npm/registry/concat-map/-/concat-map-0.0.1.tgz#d8a96bd77fd68df7793a73036a3ba0d5405d477b"
  integrity sha1-2Klr13/Wjfd5OnMDajug1UBdR3s=

cross-fetch@^3.0.4:
  version "3.0.4"
  resolved "https://pkgs.dev.azure.com/xxxx/_packaging/PrivatePackage/npm/registry/cross-fetch/-/cross-fetch-3.0.4.tgz#7bef7020207e684a7638ef5f2f698e24d9eb283c"
  integrity sha1-e+9wICB+aEp2OO9fL2mOJNnrKDw=
  dependencies:
    node-fetch "2.6.0"
    whatwg-fetch "3.0.0"

debug@3.1.0:
  version "3.1.0"
  resolved "https://pkgs.dev.azure.com/xxxx/_packaging/PrivatePackage/npm/registry/debug/-/debug-3.1.0.tgz#5bb5a0672628b64149566ba16819e61518c67261"
  integrity sha1-W7WgZyYotkFJVmuhaBnmFRjGcmE=
  dependencies:
    ms "2.0.0"

deepmerge@4.0.0:
  version "4.0.0"
  resolved "https://pkgs.dev.azure.com/xxxx/_packaging/PrivatePackage/npm/registry/deepmerge/-/deepmerge-4.0.0.tgz#3e3110ca29205f120d7cb064960a39c3d2087c09"
  integrity sha1-PjEQyikgXxINfLBklgo5w9IIfAk=

deprecated-decorator@^0.1.6:
  version "0.1.6"
  resolved "https://pkgs.dev.azure.com/xxxx/_packaging/PrivatePackage/npm/registry/deprecated-decorator/-/deprecated-decorator-0.1.6.tgz#00966317b7a12fe92f3cc831f7583af329b86c37"
  integrity sha1-AJZjF7ehL+kvPMgx91g68ym4bDc=

dir-glob@^3.0.1:
  version "3.0.1"
  resolved "https://pkgs.dev.azure.com/xxxx/_packaging/PrivatePackage/npm/registry/dir-glob/-/dir-glob-3.0.1.tgz#56dbf73d992a4a93ba1584f4534063fd2e41717f"
  integrity sha1-Vtv3PZkqSpO6FYT0U0Bj/S5BcX8=
  dependencies:
    path-type "^4.0.0"

fast-glob@^3.0.3:
  version "3.0.4"
  resolved "https://pkgs.dev.azure.com/xxxx/_packaging/PrivatePackage/npm/registry/fast-glob/-/fast-glob-3.0.4.tgz#d484a41005cb6faeb399b951fd1bd70ddaebb602"
  integrity sha1-1ISkEAXLb66zmblR/RvXDdrrtgI=
  dependencies:
    "@nodelib/fs.stat" "^2.0.1"
    "@nodelib/fs.walk" "^1.2.1"
    glob-parent "^5.0.0"
    is-glob "^4.0.1"
    merge2 "^1.2.3"
    micromatch "^4.0.2"

fast-json-stable-stringify@^2.0.0:
  version "2.0.0"
  resolved "https://pkgs.dev.azure.com/xxxx/_packaging/PrivatePackage/npm/registry/fast-json-stable-stringify/-/fast-json-stable-stringify-2.0.0.tgz#d5142c0caee6b1189f87d3a76111064f86c8bbf2"
  integrity sha1-1RQsDK7msRifh9OnYREGT4bIu/I=

fastq@^1.6.0:
  version "1.6.0"
  resolved "https://pkgs.dev.azure.com/xxxx/_packaging/PrivatePackage/npm/registry/fastq/-/fastq-1.6.0.tgz#4ec8a38f4ac25f21492673adb7eae9cfef47d1c2"
  integrity sha1-Tsijj0rCXyFJJnOtt+rpz+9H0cI=
  dependencies:
    reusify "^1.0.0"

fill-range@^7.0.1:
  version "7.0.1"
  resolved "https://pkgs.dev.azure.com/xxxx/_packaging/PrivatePackage/npm/registry/fill-range/-/fill-range-7.0.1.tgz#1919a6a7c75fe38b2c7c77e5198535da9acdda40"
  integrity sha1-GRmmp8df44ssfHflGYU12prN2kA=
  dependencies:
    to-regex-range "^5.0.1"

fs.realpath@^1.0.0:
  version "1.0.0"
  resolved "https://pkgs.dev.azure.com/xxxx/_packaging/PrivatePackage/npm/registry/fs.realpath/-/fs.realpath-1.0.0.tgz#1504ad2523158caa40db4a2787cb01411994ea4f"
  integrity sha1-FQStJSMVjKpA20onh8sBQRmU6k8=

glob-parent@^5.0.0:
  version "5.0.0"
  resolved "https://pkgs.dev.azure.com/xxxx/_packaging/PrivatePackage/npm/registry/glob-parent/-/glob-parent-5.0.0.tgz#1dc99f0f39b006d3e92c2c284068382f0c20e954"
  integrity sha1-HcmfDzmwBtPpLCwoQGg4Lwwg6VQ=
  dependencies:
    is-glob "^4.0.1"

glob@^7.1.3, glob@^7.1.4:
  version "7.1.4"
  resolved "https://pkgs.dev.azure.com/xxxx/_packaging/PrivatePackage/npm/registry/glob/-/glob-7.1.4.tgz#aa608a2f6c577ad357e1ae5a5c26d9a8d1969255"
  integrity sha1-qmCKL2xXetNX4a5aXCbZqNGWklU=
  dependencies:
    fs.realpath "^1.0.0"
    inflight "^1.0.4"
    inherits "2"
    minimatch "^3.0.4"
    once "^1.3.0"
    path-is-absolute "^1.0.0"

globby@10.0.1:
  version "10.0.1"
  resolved "https://pkgs.dev.azure.com/xxxx/_packaging/PrivatePackage/npm/registry/globby/-/globby-10.0.1.tgz#4782c34cb75dd683351335c5829cc3420e606b22"
  integrity sha1-R4LDTLdd1oM1EzXFgpzDQg5gayI=
  dependencies:
    "@types/glob" "^7.1.1"
    array-union "^2.1.0"
    dir-glob "^3.0.1"
    fast-glob "^3.0.3"
    glob "^7.1.3"
    ignore "^5.1.1"
    merge2 "^1.2.3"
    slash "^3.0.0"

google-libphonenumber@^3.1.6:
  version "3.2.3"
  resolved "https://pkgs.dev.azure.com/xxxx/_packaging/PrivatePackage/npm/registry/google-libphonenumber/-/google-libphonenumber-3.2.3.tgz#5e5c138c81b8734ebbe5ed354f6cdd22e1b53e95"
  integrity sha1-XlwTjIG4c0675e01T2zdIuG1PpU=

graphql-import@0.7.1:
  version "0.7.1"
  resolved "https://pkgs.dev.azure.com/xxxx/_packaging/PrivatePackage/npm/registry/graphql-import/-/graphql-import-0.7.1.tgz#4add8d91a5f752d764b0a4a7a461fcd93136f223"
  integrity sha1-St2NkaX3UtdksKSnpGH82TE28iM=
  dependencies:
    lodash "^4.17.4"
    resolve-from "^4.0.0"

graphql-query-complexity@^0.3.0:
  version "0.3.0"
  resolved "https://pkgs.dev.azure.com/xxxx/_packaging/PrivatePackage/npm/registry/graphql-query-complexity/-/graphql-query-complexity-0.3.0.tgz#71a44e124b7591a185d9d8cde55205aa57680c5d"
  integrity sha1-caROEkt1kaGF2djN5VIFqldoDF0=
  dependencies:
    lodash.get "^4.4.2"

graphql-subscriptions@^1.1.0:
  version "1.1.0"
  resolved "https://pkgs.dev.azure.com/xxxx/_packaging/PrivatePackage/npm/registry/graphql-subscriptions/-/graphql-subscriptions-1.1.0.tgz#5f2fa4233eda44cf7570526adfcf3c16937aef11"
  integrity sha1-Xy+kIz7aRM91cFJq3888FpN67xE=
  dependencies:
    iterall "^1.2.1"

graphql-tag@^2.4.2:
  version "2.10.1"
  resolved "https://pkgs.dev.azure.com/xxxx/_packaging/PrivatePackage/npm/registry/graphql-tag/-/graphql-tag-2.10.1.tgz#10aa41f1cd8fae5373eaf11f1f67260a3cad5e02"
  integrity sha1-EKpB8c2PrlNz6vEfH2cmCjytXgI=

graphql-toolkit@^0.5.10:
  version "0.5.10"
  resolved "https://pkgs.dev.azure.com/xxxx/_packaging/PrivatePackage/npm/registry/graphql-toolkit/-/graphql-toolkit-0.5.10.tgz#7b4d5e84c421ca72801d436084478d4a7ac06444"
  integrity sha1-e01ehMQhynKAHUNghEeNSnrAZEQ=
  dependencies:
    "@kamilkisiela/graphql-tools" "4.0.6"
    "@types/glob" "7.1.1"
    aggregate-error "3.0.0"
    asyncro "^3.0.0"
    cross-fetch "^3.0.4"
    deepmerge "4.0.0"
    globby "10.0.1"
    graphql-import "0.7.1"
    is-glob "4.0.1"
    is-valid-path "0.1.1"
    lodash "4.17.15"
    tslib "^1.9.3"
    valid-url "1.0.9"

ignore@^5.1.1:
  version "5.1.4"
  resolved "https://pkgs.dev.azure.com/xxxx/_packaging/PrivatePackage/npm/registry/ignore/-/ignore-5.1.4.tgz#84b7b3dbe64552b6ef0eca99f6743dbec6d97adf"
  integrity sha1-hLez2+ZFUrbvDsqZ9nQ9vsbZet8=

indent-string@^3.2.0:
  version "3.2.0"
  resolved "https://pkgs.dev.azure.com/xxxx/_packaging/PrivatePackage/npm/registry/indent-string/-/indent-string-3.2.0.tgz#4a5fd6d27cc332f37e5419a504dbb837105c9289"
  integrity sha1-Sl/W0nzDMvN+VBmlBNu4NxBckok=

inflight@^1.0.4:
  version "1.0.6"
  resolved "https://pkgs.dev.azure.com/xxxx/_packaging/PrivatePackage/npm/registry/inflight/-/inflight-1.0.6.tgz#49bd6331d7d02d0c09bc910a1075ba8165b56df9"
  integrity sha1-Sb1jMdfQLQwJvJEKEHW6gWW1bfk=
  dependencies:
    once "^1.3.0"
    wrappy "1"

inherits@2:
  version "2.0.4"
  resolved "https://pkgs.dev.azure.com/xxxx/_packaging/PrivatePackage/npm/registry/inherits/-/inherits-2.0.4.tgz#0fa2c64f932917c3433a0ded55363aae37416b7c"
  integrity sha1-D6LGT5MpF8NDOg3tVTY6rjdBa3w=

is-extglob@^1.0.0:
  version "1.0.0"
  resolved "https://pkgs.dev.azure.com/xxxx/_packaging/PrivatePackage/npm/registry/is-extglob/-/is-extglob-1.0.0.tgz#ac468177c4943405a092fc8f29760c6ffc6206c0"
  integrity sha1-rEaBd8SUNAWgkvyPKXYMb/xiBsA=

is-extglob@^2.1.1:
  version "2.1.1"
  resolved "https://pkgs.dev.azure.com/xxxx/_packaging/PrivatePackage/npm/registry/is-extglob/-/is-extglob-2.1.1.tgz#a88c02535791f02ed37c76a1b9ea9773c833f8c2"
  integrity sha1-qIwCU1eR8C7TfHahueqXc8gz+MI=

is-glob@4.0.1, is-glob@^4.0.1:
  version "4.0.1"
  resolved "https://pkgs.dev.azure.com/xxxx/_packaging/PrivatePackage/npm/registry/is-glob/-/is-glob-4.0.1.tgz#7567dbe9f2f5e2467bc77ab83c4a29482407a5dc"
  integrity sha1-dWfb6fL14kZ7x3q4PEopSCQHpdw=
  dependencies:
    is-extglob "^2.1.1"

is-glob@^2.0.0:
  version "2.0.1"
  resolved "https://pkgs.dev.azure.com/xxxx/_packaging/PrivatePackage/npm/registry/is-glob/-/is-glob-2.0.1.tgz#d096f926a3ded5600f3fdfd91198cb0888c2d863"
  integrity sha1-0Jb5JqPe1WAPP9/ZEZjLCIjC2GM=
  dependencies:
    is-extglob "^1.0.0"

is-invalid-path@^0.1.0:
  version "0.1.0"
  resolved "https://pkgs.dev.azure.com/xxxx/_packaging/PrivatePackage/npm/registry/is-invalid-path/-/is-invalid-path-0.1.0.tgz#307a855b3cf1a938b44ea70d2c61106053714f34"
  integrity sha1-MHqFWzzxqTi0TqcNLGEQYFNxTzQ=
  dependencies:
    is-glob "^2.0.0"

is-number@^7.0.0:
  version "7.0.0"
  resolved "https://pkgs.dev.azure.com/xxxx/_packaging/PrivatePackage/npm/registry/is-number/-/is-number-7.0.0.tgz#7535345b896734d5f80c4d06c50955527a14f12b"
  integrity sha1-dTU0W4lnNNX4DE0GxQlVUnoU8Ss=

is-valid-path@0.1.1:
  version "0.1.1"
  resolved "https://pkgs.dev.azure.com/xxxx/_packaging/PrivatePackage/npm/registry/is-valid-path/-/is-valid-path-0.1.1.tgz#110f9ff74c37f663e1ec7915eb451f2db93ac9df"
  integrity sha1-EQ+f90w39mPh7HkV60UfLbk6yd8=
  dependencies:
    is-invalid-path "^0.1.0"

iterall@^1.1.3, iterall@^1.2.1:
  version "1.2.2"
  resolved "https://pkgs.dev.azure.com/xxxx/_packaging/PrivatePackage/npm/registry/iterall/-/iterall-1.2.2.tgz#92d70deb8028e0c39ff3164fdbf4d8b088130cd7"
  integrity sha1-ktcN64Ao4MOf8xZP2/TYsIgTDNc=

kareem@2.3.0:
  version "2.3.0"
  resolved "https://pkgs.dev.azure.com/xxxx/_packaging/PrivatePackage/npm/registry/kareem/-/kareem-2.3.0.tgz#ef33c42e9024dce511eeaf440cd684f3af1fc769"
  integrity sha1-7zPELpAk3OUR7q9EDNaE868fx2k=

lodash.get@^4.4.2:
  version "4.4.2"
  resolved "https://pkgs.dev.azure.com/xxxx/_packaging/PrivatePackage/npm/registry/lodash.get/-/lodash.get-4.4.2.tgz#2d177f652fa31e939b4438d5341499dfa3825e99"
  integrity sha1-LRd/ZS+jHpObRDjVNBSZ36OCXpk=

lodash@4.17.15, lodash@^4.17.11, lodash@^4.17.4:
  version "4.17.15"
  resolved "https://pkgs.dev.azure.com/xxxx/_packaging/PrivatePackage/npm/registry/lodash/-/lodash-4.17.15.tgz#b447f6670a0455bbfeedd11392eff330ea097548"
  integrity sha1-tEf2ZwoEVbv+7dETku/zMOoJdUg=

memory-pager@^1.0.2:
  version "1.5.0"
  resolved "https://pkgs.dev.azure.com/xxxx/_packaging/PrivatePackage/npm/registry/memory-pager/-/memory-pager-1.5.0.tgz#d8751655d22d384682741c972f2c3d6dfa3e66b5"
  integrity sha1-2HUWVdItOEaCdByXLyw9bfo+ZrU=

merge2@^1.2.3:
  version "1.2.4"
  resolved "https://pkgs.dev.azure.com/xxxx/_packaging/PrivatePackage/npm/registry/merge2/-/merge2-1.2.4.tgz#c9269589e6885a60cf80605d9522d4b67ca646e3"
  integrity sha1-ySaVieaIWmDPgGBdlSLUtnymRuM=

micromatch@^4.0.2:
  version "4.0.2"
  resolved "https://pkgs.dev.azure.com/xxxx/_packaging/PrivatePackage/npm/registry/micromatch/-/micromatch-4.0.2.tgz#4fcb0999bf9fbc2fcbdd212f6d629b9a56c39259"
  integrity sha1-T8sJmb+fvC/L3SEvbWKbmlbDklk=
  dependencies:
    braces "^3.0.1"
    picomatch "^2.0.5"

minimatch@^3.0.4:
  version "3.0.4"
  resolved "https://pkgs.dev.azure.com/xxxx/_packaging/PrivatePackage/npm/registry/minimatch/-/minimatch-3.0.4.tgz#5166e286457f03306064be5497e8dbb0c3d32083"
  integrity sha1-UWbihkV/AzBgZL5Ul+jbsMPTIIM=
  dependencies:
    brace-expansion "^1.1.7"

mongodb-core@3.2.7:
  version "3.2.7"
  resolved "https://pkgs.dev.azure.com/xxxx/_packaging/PrivatePackage/npm/registry/mongodb-core/-/mongodb-core-3.2.7.tgz#a8ef1fe764a192c979252dacbc600dc88d77e28f"
  integrity sha1-qO8f52Shksl5JS2svGANyI134o8=
  dependencies:
    bson "^1.1.1"
    require_optional "^1.0.1"
    safe-buffer "^5.1.2"
  optionalDependencies:
    saslprep "^1.0.0"

mongodb@3.2.7:
  version "3.2.7"
  resolved "https://pkgs.dev.azure.com/xxxx/_packaging/PrivatePackage/npm/registry/mongodb/-/mongodb-3.2.7.tgz#8ba149e4be708257cad0dea72aebb2bbb311a7ac"
  integrity sha1-i6FJ5L5wglfK0N6nKuuyu7MRp6w=
  dependencies:
    mongodb-core "3.2.7"
    safe-buffer "^5.1.2"

mongoose-legacy-pluralize@1.0.2:
  version "1.0.2"
  resolved "https://pkgs.dev.azure.com/xxxx/_packaging/PrivatePackage/npm/registry/mongoose-legacy-pluralize/-/mongoose-legacy-pluralize-1.0.2.tgz#3ba9f91fa507b5186d399fb40854bff18fb563e4"
  integrity sha1-O6n5H6UHtRhtOZ+0CFS/8Y+1Y+Q=

mongoose@^5.6.10:
  version "5.6.10"
  resolved "https://pkgs.dev.azure.com/xxxx/_packaging/PrivatePackage/npm/registry/mongoose/-/mongoose-5.6.10.tgz#0758b7ae7d6f9654e994cc1aa41efc63e35e131b"
  integrity sha1-B1i3rn1vllTplMwapB78Y+NeExs=
  dependencies:
    async "2.6.2"
    bson "~1.1.1"
    kareem "2.3.0"
    mongodb "3.2.7"
    mongodb-core "3.2.7"
    mongoose-legacy-pluralize "1.0.2"
    mpath "0.6.0"
    mquery "3.2.1"
    ms "2.1.2"
    regexp-clone "1.0.0"
    safe-buffer "5.1.2"
    sift "7.0.1"
    sliced "1.0.1"

mpath@0.6.0:
  version "0.6.0"
  resolved "https://pkgs.dev.azure.com/xxxx/_packaging/PrivatePackage/npm/registry/mpath/-/mpath-0.6.0.tgz#aa922029fca4f0f641f360e74c5c1b6a4c47078e"
  integrity sha1-qpIgKfyk8PZB82DnTFwbakxHB44=

mquery@3.2.1:
  version "3.2.1"
  resolved "https://pkgs.dev.azure.com/xxxx/_packaging/PrivatePackage/npm/registry/mquery/-/mquery-3.2.1.tgz#8b059a49cdae0a8a9e804284ef64c2f58d3ac05d"
  integrity sha1-iwWaSc2uCoqegEKE72TC9Y06wF0=
  dependencies:
    bluebird "3.5.1"
    debug "3.1.0"
    regexp-clone "^1.0.0"
    safe-buffer "5.1.2"
    sliced "1.0.1"

ms@2.0.0:
  version "2.0.0"
  resolved "https://pkgs.dev.azure.com/xxxx/_packaging/PrivatePackage/npm/registry/ms/-/ms-2.0.0.tgz#5608aeadfc00be6c2901df5f9861788de0d597c8"
  integrity sha1-VgiurfwAvmwpAd9fmGF4jeDVl8g=

ms@2.1.2:
  version "2.1.2"
  resolved "https://pkgs.dev.azure.com/xxxx/_packaging/PrivatePackage/npm/registry/ms/-/ms-2.1.2.tgz#d09d1f357b443f493382a8eb3ccd183872ae6009"
  integrity sha1-0J0fNXtEP0kzgqjrPM0YOHKuYAk=

node-fetch@2.6.0:
  version "2.6.0"
  resolved "https://pkgs.dev.azure.com/xxxx/_packaging/PrivatePackage/npm/registry/node-fetch/-/node-fetch-2.6.0.tgz#e633456386d4aa55863f676a7ab0daa8fdecb0fd"
  integrity sha1-5jNFY4bUqlWGP2dqerDaqP3ssP0=

once@^1.3.0:
  version "1.4.0"
  resolved "https://pkgs.dev.azure.com/xxxx/_packaging/PrivatePackage/npm/registry/once/-/once-1.4.0.tgz#583b1aa775961d4b113ac17d9c50baef9dd76bd1"
  integrity sha1-WDsap3WWHUsROsF9nFC6753Xa9E=
  dependencies:
    wrappy "1"

optimism@^0.10.0:
  version "0.10.2"
  resolved "https://pkgs.dev.azure.com/xxxx/_packaging/PrivatePackage/npm/registry/optimism/-/optimism-0.10.2.tgz#626b6fd28b0923de98ecb36a3fd2d3d4e5632dd9"
  integrity sha1-Ymtv0osJI96Y7LNqP9LT1OVjLdk=
  dependencies:
    "@wry/context" "^0.4.0"

path-is-absolute@^1.0.0:
  version "1.0.1"
  resolved "https://pkgs.dev.azure.com/xxxx/_packaging/PrivatePackage/npm/registry/path-is-absolute/-/path-is-absolute-1.0.1.tgz#174b9268735534ffbc7ace6bf53a5a9e1b5c5f5f"
  integrity sha1-F0uSaHNVNP+8es5r9TpanhtcX18=

path-type@^4.0.0:
  version "4.0.0"
  resolved "https://pkgs.dev.azure.com/xxxx/_packaging/PrivatePackage/npm/registry/path-type/-/path-type-4.0.0.tgz#84ed01c0a7ba380afe09d90a8c180dcd9d03043b"
  integrity sha1-hO0BwKe6OAr+CdkKjBgNzZ0DBDs=

picomatch@^2.0.5:
  version "2.0.7"
  resolved "https://pkgs.dev.azure.com/xxxx/_packaging/PrivatePackage/npm/registry/picomatch/-/picomatch-2.0.7.tgz#514169d8c7cd0bdbeecc8a2609e34a7163de69f6"
  integrity sha1-UUFp2MfNC9vuzIomCeNKcWPeafY=

reflect-metadata@^0.1.13:
  version "0.1.13"
  resolved "https://pkgs.dev.azure.com/xxxx/_packaging/PrivatePackage/npm/registry/reflect-metadata/-/reflect-metadata-0.1.13.tgz#67ae3ca57c972a2aa1642b10fe363fe32d49dc08"
  integrity sha1-Z648pXyXKiqhZCsQ/jY/4y1J3Ag=

regexp-clone@1.0.0, regexp-clone@^1.0.0:
  version "1.0.0"
  resolved "https://pkgs.dev.azure.com/xxxx/_packaging/PrivatePackage/npm/registry/regexp-clone/-/regexp-clone-1.0.0.tgz#222db967623277056260b992626354a04ce9bf63"
  integrity sha1-Ii25Z2IydwViYLmSYmNUoEzpv2M=

require_optional@^1.0.1:
  version "1.0.1"
  resolved "https://pkgs.dev.azure.com/xxxx/_packaging/PrivatePackage/npm/registry/require_optional/-/require_optional-1.0.1.tgz#4cf35a4247f64ca3df8c2ef208cc494b1ca8fc2e"
  integrity sha1-TPNaQkf2TKPfjC7yCMxJSxyo/C4=
  dependencies:
    resolve-from "^2.0.0"
    semver "^5.1.0"

resolve-from@^2.0.0:
  version "2.0.0"
  resolved "https://pkgs.dev.azure.com/xxxx/_packaging/PrivatePackage/npm/registry/resolve-from/-/resolve-from-2.0.0.tgz#9480ab20e94ffa1d9e80a804c7ea147611966b57"
  integrity sha1-lICrIOlP+h2egKgEx+oUdhGWa1c=

resolve-from@^4.0.0:
  version "4.0.0"
  resolved "https://pkgs.dev.azure.com/xxxx/_packaging/PrivatePackage/npm/registry/resolve-from/-/resolve-from-4.0.0.tgz#4abcd852ad32dd7baabfe9b40e00a36db5f392e6"
  integrity sha1-SrzYUq0y3Xuqv+m0DgCjbbXzkuY=

reusify@^1.0.0:
  version "1.0.4"
  resolved "https://pkgs.dev.azure.com/xxxx/_packaging/PrivatePackage/npm/registry/reusify/-/reusify-1.0.4.tgz#90da382b1e126efc02146e90845a88db12925d76"
  integrity sha1-kNo4Kx4SbvwCFG6QhFqI2xKSXXY=

run-parallel@^1.1.9:
  version "1.1.9"
  resolved "https://pkgs.dev.azure.com/xxxx/_packaging/PrivatePackage/npm/registry/run-parallel/-/run-parallel-1.1.9.tgz#c9dd3a7cf9f4b2c4b6244e173a6ed866e61dd679"
  integrity sha1-yd06fPn0ssS2JE4XOm7YZuYd1nk=

safe-buffer@5.1.2:
  version "5.1.2"
  resolved "https://pkgs.dev.azure.com/xxxx/_packaging/PrivatePackage/npm/registry/safe-buffer/-/safe-buffer-5.1.2.tgz#991ec69d296e0313747d59bdfd2b745c35f8828d"
  integrity sha1-mR7GnSluAxN0fVm9/St0XDX4go0=

safe-buffer@^5.1.2:
  version "5.2.0"
  resolved "https://pkgs.dev.azure.com/xxxx/_packaging/PrivatePackage/npm/registry/safe-buffer/-/safe-buffer-5.2.0.tgz#b74daec49b1148f88c64b68d49b1e815c1f2f519"
  integrity sha1-t02uxJsRSPiMZLaNSbHoFcHy9Rk=

saslprep@^1.0.0:
  version "1.0.3"
  resolved "https://pkgs.dev.azure.com/xxxx/_packaging/PrivatePackage/npm/registry/saslprep/-/saslprep-1.0.3.tgz#4c02f946b56cf54297e347ba1093e7acac4cf226"
  integrity sha1-TAL5RrVs9UKX40e6EJPnrKxM8iY=
  dependencies:
    sparse-bitfield "^3.0.3"

semver@^5.1.0:
  version "5.7.1"
  resolved "https://pkgs.dev.azure.com/xxxx/_packaging/PrivatePackage/npm/registry/semver/-/semver-5.7.1.tgz#a954f931aeba508d307bbf069eff0c01c96116f7"
  integrity sha1-qVT5Ma66UI0we78Gnv8MAclhFvc=

semver@^6.2.0:
  version "6.3.0"
  resolved "https://pkgs.dev.azure.com/xxxx/_packaging/PrivatePackage/npm/registry/semver/-/semver-6.3.0.tgz#ee0a64c8af5e8ceea67687b133761e1becbd1d3d"
  integrity sha1-7gpkyK9ejO6mdoexM3YeG+y9HT0=

sift@7.0.1:
  version "7.0.1"
  resolved "https://pkgs.dev.azure.com/xxxx/_packaging/PrivatePackage/npm/registry/sift/-/sift-7.0.1.tgz#47d62c50b159d316f1372f8b53f9c10cd21a4b08"
  integrity sha1-R9YsULFZ0xbxNy+LU/nBDNIaSwg=

slash@^3.0.0:
  version "3.0.0"
  resolved "https://pkgs.dev.azure.com/xxxx/_packaging/PrivatePackage/npm/registry/slash/-/slash-3.0.0.tgz#6539be870c165adbd5240220dbe361f1bc4d4634"
  integrity sha1-ZTm+hwwWWtvVJAIg2+Nh8bxNRjQ=

sliced@1.0.1:
  version "1.0.1"
  resolved "https://pkgs.dev.azure.com/xxxx/_packaging/PrivatePackage/npm/registry/sliced/-/sliced-1.0.1.tgz#0b3a662b5d04c3177b1926bea82b03f837a2ef41"
  integrity sha1-CzpmK10Ewxd7GSa+qCsD+Dei70E=

sparse-bitfield@^3.0.3:
  version "3.0.3"
  resolved "https://pkgs.dev.azure.com/xxxx/_packaging/PrivatePackage/npm/registry/sparse-bitfield/-/sparse-bitfield-3.0.3.tgz#ff4ae6e68656056ba4b3e792ab3334d38273ca11"
  integrity sha1-/0rm5oZWBWuks+eSqzM004JzyhE=
  dependencies:
    memory-pager "^1.0.2"

symbol-observable@^1.0.2:
  version "1.2.0"
  resolved "https://pkgs.dev.azure.com/xxxx/_packaging/PrivatePackage/npm/registry/symbol-observable/-/symbol-observable-1.2.0.tgz#c22688aed4eab3cdc2dfeacbb561660560a00804"
  integrity sha1-wiaIrtTqs83C3+rLtWFmBWCgCAQ=

to-regex-range@^5.0.1:
  version "5.0.1"
  resolved "https://pkgs.dev.azure.com/xxxx/_packaging/PrivatePackage/npm/registry/to-regex-range/-/to-regex-range-5.0.1.tgz#1648c44aae7c8d988a326018ed72f5b4dd0392e4"
  integrity sha1-FkjESq58jZiKMmAY7XL1tN0DkuQ=
  dependencies:
    is-number "^7.0.0"

ts-invariant@^0.4.0:
  version "0.4.4"
  resolved "https://pkgs.dev.azure.com/xxxx/_packaging/PrivatePackage/npm/registry/ts-invariant/-/ts-invariant-0.4.4.tgz#97a523518688f93aafad01b0e80eb803eb2abd86"
  integrity sha1-l6UjUYaI+TqvrQGw6A64A+sqvYY=
  dependencies:
    tslib "^1.9.3"

tslib@^1.10.0, tslib@^1.9.3:
  version "1.10.0"
  resolved "https://pkgs.dev.azure.com/xxxx/_packaging/PrivatePackage/npm/registry/tslib/-/tslib-1.10.0.tgz#c3c19f95973fb0a62973fb09d90d961ee43e5c8a"
  integrity sha1-w8GflZc/sKYpc/sJ2Q2WHuQ+XIo=

type-graphql@^0.17.5:
  version "0.17.5"
  resolved "https://pkgs.dev.azure.com/xxxx/_packaging/PrivatePackage/npm/registry/type-graphql/-/type-graphql-0.17.5.tgz#7f2f189ff7b9faef33537291ef333ff9adbee21c"
  integrity sha1-fy8Yn/e5+u8zU3KR7zM/+a2+4hw=
  dependencies:
    "@types/glob" "^7.1.1"
    "@types/node" "^12.6.2"
    "@types/semver" "^6.0.1"
    class-validator ">=0.9.1"
    glob "^7.1.4"
    graphql-query-complexity "^0.3.0"
    graphql-subscriptions "^1.1.0"
    semver "^6.2.0"
    tslib "^1.10.0"

typegoose@^5.9.0:
  version "5.9.0"
  resolved "https://pkgs.dev.azure.com/xxxx/_packaging/PrivatePackage/npm/registry/typegoose/-/typegoose-5.9.0.tgz#e4b2cdfe4cffe6c2a54be4133a3d67fcda4d6a32"
  integrity sha1-5LLN/kz/5sKlS+QTOj1n/NpNajI=
  dependencies:
    reflect-metadata "^0.1.13"

uuid@^3.1.0:
  version "3.3.3"
  resolved "https://pkgs.dev.azure.com/xxxx/_packaging/PrivatePackage/npm/registry/uuid/-/uuid-3.3.3.tgz#4568f0216e78760ee1dbf3a4d2cf53e224112866"
  integrity sha1-RWjwIW54dg7h2/Ok0s9T4iQRKGY=

valid-url@1.0.9:
  version "1.0.9"
  resolved "https://pkgs.dev.azure.com/xxxx/_packaging/PrivatePackage/npm/registry/valid-url/-/valid-url-1.0.9.tgz#1c14479b40f1397a75782f115e4086447433a200"
  integrity sha1-HBRHm0DxOXp1eC8RXkCGRHQzogA=

validator@11.1.0:
  version "11.1.0"
  resolved "https://pkgs.dev.azure.com/xxxx/_packaging/PrivatePackage/npm/registry/validator/-/validator-11.1.0.tgz#ac18cac42e0aa5902b603d7a5d9b7827e2346ac4"
  integrity sha1-rBjKxC4KpZArYD16XZt4J+I0asQ=

whatwg-fetch@3.0.0:
  version "3.0.0"
  resolved "https://pkgs.dev.azure.com/xxxx/_packaging/PrivatePackage/npm/registry/whatwg-fetch/-/whatwg-fetch-3.0.0.tgz#fc804e458cc460009b1a2b966bc8817d2578aefb"
  integrity sha1-/IBORYzEYACbGiuWa8iBfSV4rvs=

wrappy@1:
  version "1.0.2"
  resolved "https://pkgs.dev.azure.com/xxxx/_packaging/PrivatePackage/npm/registry/wrappy/-/wrappy-1.0.2.tgz#b5243d8f3ec1aa35f1364605bc0d1036e30ab69f"
  integrity sha1-tSQ9jz7BqjXxNkYFvA0QNuMKtp8=

zen-observable-ts@^0.8.19:
  version "0.8.19"
  resolved "https://pkgs.dev.azure.com/xxxx/_packaging/PrivatePackage/npm/registry/zen-observable-ts/-/zen-observable-ts-0.8.19.tgz#c094cd20e83ddb02a11144a6e2a89706946b5694"
  integrity sha1-wJTNIOg92wKhEUSm4qiXBpRrVpQ=
  dependencies:
    tslib "^1.9.3"
    zen-observable "^0.8.0"

zen-observable@^0.8.0:
  version "0.8.14"
  resolved "https://pkgs.dev.azure.com/xxxx/_packaging/PrivatePackage/npm/registry/zen-observable/-/zen-observable-0.8.14.tgz#d33058359d335bc0db1f0af66158b32872af3bf7"
  integrity sha1-0zBYNZ0zW8DbHwr2YVizKHKvO/c=
